{
  "name": "kratos",
  "version": "1.0.0",
  "lockfileVersion": 2,
  "requires": true,
  "packages": {
    "": {
      "name": "kratos",
      "version": "1.0.0",
      "license": "MIT",
      "dependencies": {
        "@flatten-js/interval-tree": "^1.0.19"
      }
    },
    "node_modules/@flatten-js/interval-tree": {
      "version": "1.0.19",
      "resolved": "https://registry.npmjs.org/@flatten-js/interval-tree/-/interval-tree-1.0.19.tgz",
      "integrity": "sha512-E+uCpmzAP6EL1L0VDligIg2oUnwbzhSMRXts8Ct7OQ+i+dFEgefExcKnTwGFa+MUZGYAIKHBoUWo/f/lhqc1Ew=="
    }
  },
  "dependencies": {
    "@flatten-js/interval-tree": {
      "version": "1.0.19",
      "resolved": "https://registry.npmjs.org/@flatten-js/interval-tree/-/interval-tree-1.0.19.tgz",
      "integrity": "sha512-E+uCpmzAP6EL1L0VDligIg2oUnwbzhSMRXts8Ct7OQ+i+dFEgefExcKnTwGFa+MUZGYAIKHBoUWo/f/lhqc1Ew=="
    }
  }
}
